// !$*UTF8*$!
{
	archiveVersion = 1;
	classes = {
	};
	objectVersion = 46;
	objects = {

/* Begin PBXBuildFile section */
		DEA7D89817B493D70052680A /* Foundation.framework in Frameworks */ = {isa = PBXBuildFile; fileRef = DEA7D89717B493D70052680A /* Foundation.framework */; };
		DEA7D89D17B493D70052680A /* UniqushClient.h in CopyFiles */ = {isa = PBXBuildFile; fileRef = DEA7D89C17B493D70052680A /* UniqushClient.h */; };
		DEA7D89F17B493D70052680A /* UniqushClient.m in Sources */ = {isa = PBXBuildFile; fileRef = DEA7D89E17B493D70052680A /* UniqushClient.m */; };
		DEA7D8A717B493D70052680A /* SenTestingKit.framework in Frameworks */ = {isa = PBXBuildFile; fileRef = DEA7D8A617B493D70052680A /* SenTestingKit.framework */; };
		DEA7D8A917B493D70052680A /* UIKit.framework in Frameworks */ = {isa = PBXBuildFile; fileRef = DEA7D8A817B493D70052680A /* UIKit.framework */; };
		DEA7D8AA17B493D70052680A /* Foundation.framework in Frameworks */ = {isa = PBXBuildFile; fileRef = DEA7D89717B493D70052680A /* Foundation.framework */; };
		DEA7D8AD17B493D70052680A /* libuniqush-client.a in Frameworks */ = {isa = PBXBuildFile; fileRef = DEA7D89417B493D70052680A /* libuniqush-client.a */; };
		DEA7D8B317B493D70052680A /* InfoPlist.strings in Resources */ = {isa = PBXBuildFile; fileRef = DEA7D8B117B493D70052680A /* InfoPlist.strings */; };
		DEA7D8B617B493D70052680A /* uniqush_clientTests.m in Sources */ = {isa = PBXBuildFile; fileRef = DEA7D8B517B493D70052680A /* uniqush_clientTests.m */; };
		DEA7D8D917BB4EAC0052680A /* map.c in Sources */ = {isa = PBXBuildFile; fileRef = DEA7D8C817BB4EAC0052680A /* map.c */; };
		DEA7D8DC17BB4EAC0052680A /* snappy.c in Sources */ = {isa = PBXBuildFile; fileRef = DEA7D8CE17BB4EAC0052680A /* snappy.c */; };
		DEA7D8DD17BB4EAC0052680A /* util.c in Sources */ = {isa = PBXBuildFile; fileRef = DEA7D8D117BB4EAC0052680A /* util.c */; };
		DEA7D91717BDD2D90052680A /* uniqush.proto in Sources */ = {isa = PBXBuildFile; fileRef = DEA7D91617BCF5780052680A /* uniqush.proto */; };
		DEA7D91A17BDECC30052680A /* UniqushConnection.mm in Sources */ = {isa = PBXBuildFile; fileRef = DEA7D91917BDECC30052680A /* UniqushConnection.mm */; };
		DEA7DA8917BE38810052680A /* GCDAsyncSocket.m in Sources */ = {isa = PBXBuildFile; fileRef = DEA7D92117BE357F0052680A /* GCDAsyncSocket.m */; settings = {COMPILER_FLAGS = "-fobjc-arc"; }; };
		DEA7DA8B17BE38810052680A /* AsyncSocket.m in Sources */ = {isa = PBXBuildFile; fileRef = DEA7DA0217BE35800052680A /* AsyncSocket.m */; settings = {COMPILER_FLAGS = "-fobjc-arc"; }; };
		DEA7DA8E17C21C510052680A /* libdhkx-ios.a in Frameworks */ = {isa = PBXBuildFile; fileRef = DEA7DA8D17C21C510052680A /* libdhkx-ios.a */; };
		DEA7DA9117C21F950052680A /* UniqushConfig.m in Sources */ = {isa = PBXBuildFile; fileRef = DEA7DA9017C21F950052680A /* UniqushConfig.m */; };
		DEA7DA9417C225B00052680A /* UniqushProtocol.mm in Sources */ = {isa = PBXBuildFile; fileRef = DEA7DA9317C225AF0052680A /* UniqushProtocol.mm */; };
		DEF5319717C2F5C100DC0C61 /* libSystem.dylib in Frameworks */ = {isa = PBXBuildFile; fileRef = DEF5319617C2F5C100DC0C61 /* libSystem.dylib */; };
		DEF5319A17C3367200DC0C61 /* UniqushMessageHelper.mm in Sources */ = {isa = PBXBuildFile; fileRef = DEF5319917C3367200DC0C61 /* UniqushMessageHelper.mm */; };
/* End PBXBuildFile section */

/* Begin PBXBuildRule section */
		DEA7D91417BCF3270052680A /* PBXBuildRule */ = {
			isa = PBXBuildRule;
			compilerSpec = com.apple.compilers.proxy.script;
			filePatterns = "*.proto";
			fileType = pattern.proxy;
			isEditable = 1;
			outputFiles = (
				"${DERIVED_SOURCES_DIR}/${INPUT_FILE_BASE}.pb.cc",
				"${DERIVED_SOURCES_DIR}/${INPUT_FILE_BASE}.pb.h",
			);
			script = "${SRCROOT}/../lib/protobuf-2.4.1/bin/protoc --proto_path=\"${INPUT_FILE_DIR}\" --cpp_out=\"${DERIVED_SOURCES_DIR}\" \"${INPUT_FILE_PATH}\"";
		};
/* End PBXBuildRule section */

/* Begin PBXContainerItemProxy section */
		DEA7D8AB17B493D70052680A /* PBXContainerItemProxy */ = {
			isa = PBXContainerItemProxy;
			containerPortal = DEA7D88C17B493D70052680A /* Project object */;
			proxyType = 1;
			remoteGlobalIDString = DEA7D89317B493D70052680A;
			remoteInfo = "uniqush-client";
		};
/* End PBXContainerItemProxy section */

/* Begin PBXCopyFilesBuildPhase section */
		DEA7D89217B493D70052680A /* CopyFiles */ = {
			isa = PBXCopyFilesBuildPhase;
			buildActionMask = 2147483647;
			dstPath = "include/${PRODUCT_NAME}";
			dstSubfolderSpec = 16;
			files = (
				DEA7D89D17B493D70052680A /* UniqushClient.h in CopyFiles */,
			);
			runOnlyForDeploymentPostprocessing = 0;
		};
/* End PBXCopyFilesBuildPhase section */

/* Begin PBXFileReference section */
		DEA7D89417B493D70052680A /* libuniqush-client.a */ = {isa = PBXFileReference; explicitFileType = archive.ar; includeInIndex = 0; path = "libuniqush-client.a"; sourceTree = BUILT_PRODUCTS_DIR; };
		DEA7D89717B493D70052680A /* Foundation.framework */ = {isa = PBXFileReference; lastKnownFileType = wrapper.framework; name = Foundation.framework; path = System/Library/Frameworks/Foundation.framework; sourceTree = SDKROOT; };
		DEA7D89B17B493D70052680A /* uniqush-client-Prefix.pch */ = {isa = PBXFileReference; lastKnownFileType = sourcecode.c.h; path = "uniqush-client-Prefix.pch"; sourceTree = "<group>"; };
		DEA7D89C17B493D70052680A /* UniqushClient.h */ = {isa = PBXFileReference; lastKnownFileType = sourcecode.c.h; path = UniqushClient.h; sourceTree = "<group>"; };
		DEA7D89E17B493D70052680A /* UniqushClient.m */ = {isa = PBXFileReference; lastKnownFileType = sourcecode.c.objc; path = UniqushClient.m; sourceTree = "<group>"; };
		DEA7D8A517B493D70052680A /* uniqush-clientTests.octest */ = {isa = PBXFileReference; explicitFileType = wrapper.cfbundle; includeInIndex = 0; path = "uniqush-clientTests.octest"; sourceTree = BUILT_PRODUCTS_DIR; };
		DEA7D8A617B493D70052680A /* SenTestingKit.framework */ = {isa = PBXFileReference; lastKnownFileType = wrapper.framework; name = SenTestingKit.framework; path = Library/Frameworks/SenTestingKit.framework; sourceTree = DEVELOPER_DIR; };
		DEA7D8A817B493D70052680A /* UIKit.framework */ = {isa = PBXFileReference; lastKnownFileType = wrapper.framework; name = UIKit.framework; path = Library/Frameworks/UIKit.framework; sourceTree = DEVELOPER_DIR; };
		DEA7D8B017B493D70052680A /* uniqush-clientTests-Info.plist */ = {isa = PBXFileReference; lastKnownFileType = text.plist.xml; path = "uniqush-clientTests-Info.plist"; sourceTree = "<group>"; };
		DEA7D8B217B493D70052680A /* en */ = {isa = PBXFileReference; lastKnownFileType = text.plist.strings; name = en; path = en.lproj/InfoPlist.strings; sourceTree = "<group>"; };
		DEA7D8B417B493D70052680A /* uniqush_clientTests.h */ = {isa = PBXFileReference; lastKnownFileType = sourcecode.c.h; path = uniqush_clientTests.h; sourceTree = "<group>"; };
		DEA7D8B517B493D70052680A /* uniqush_clientTests.m */ = {isa = PBXFileReference; lastKnownFileType = sourcecode.c.objc; path = uniqush_clientTests.m; sourceTree = "<group>"; };
		DEA7D8C217BB4EAC0052680A /* compat.h */ = {isa = PBXFileReference; fileEncoding = 4; lastKnownFileType = sourcecode.c.h; path = compat.h; sourceTree = "<group>"; };
		DEA7D8C817BB4EAC0052680A /* map.c */ = {isa = PBXFileReference; fileEncoding = 4; lastKnownFileType = sourcecode.c.c; path = map.c; sourceTree = "<group>"; };
		DEA7D8C917BB4EAC0052680A /* map.h */ = {isa = PBXFileReference; fileEncoding = 4; lastKnownFileType = sourcecode.c.h; path = map.h; sourceTree = "<group>"; };
		DEA7D8CD17BB4EAC0052680A /* snappy-int.h */ = {isa = PBXFileReference; fileEncoding = 4; lastKnownFileType = sourcecode.c.h; path = "snappy-int.h"; sourceTree = "<group>"; };
		DEA7D8CE17BB4EAC0052680A /* snappy.c */ = {isa = PBXFileReference; fileEncoding = 4; lastKnownFileType = sourcecode.c.c; path = snappy.c; sourceTree = "<group>"; };
		DEA7D8CF17BB4EAC0052680A /* snappy.h */ = {isa = PBXFileReference; fileEncoding = 4; lastKnownFileType = sourcecode.c.h; path = snappy.h; sourceTree = "<group>"; };
		DEA7D8D117BB4EAC0052680A /* util.c */ = {isa = PBXFileReference; fileEncoding = 4; lastKnownFileType = sourcecode.c.c; path = util.c; sourceTree = "<group>"; };
		DEA7D8D217BB4EAC0052680A /* util.h */ = {isa = PBXFileReference; fileEncoding = 4; lastKnownFileType = sourcecode.c.h; path = util.h; sourceTree = "<group>"; };
		DEA7D8E617BCF2D30052680A /* code_generator.h */ = {isa = PBXFileReference; lastKnownFileType = sourcecode.c.h; path = code_generator.h; sourceTree = "<group>"; };
		DEA7D8E717BCF2D30052680A /* command_line_interface.h */ = {isa = PBXFileReference; lastKnownFileType = sourcecode.c.h; path = command_line_interface.h; sourceTree = "<group>"; };
		DEA7D8E917BCF2D30052680A /* cpp_generator.h */ = {isa = PBXFileReference; lastKnownFileType = sourcecode.c.h; path = cpp_generator.h; sourceTree = "<group>"; };
		DEA7D8EA17BCF2D30052680A /* importer.h */ = {isa = PBXFileReference; lastKnownFileType = sourcecode.c.h; path = importer.h; sourceTree = "<group>"; };
		DEA7D8EC17BCF2D30052680A /* java_generator.h */ = {isa = PBXFileReference; lastKnownFileType = sourcecode.c.h; path = java_generator.h; sourceTree = "<group>"; };
		DEA7D8ED17BCF2D30052680A /* parser.h */ = {isa = PBXFileReference; lastKnownFileType = sourcecode.c.h; path = parser.h; sourceTree = "<group>"; };
		DEA7D8EE17BCF2D30052680A /* plugin.h */ = {isa = PBXFileReference; lastKnownFileType = sourcecode.c.h; path = plugin.h; sourceTree = "<group>"; };
		DEA7D8EF17BCF2D30052680A /* plugin.pb.h */ = {isa = PBXFileReference; lastKnownFileType = sourcecode.c.h; path = plugin.pb.h; sourceTree = "<group>"; };
		DEA7D8F017BCF2D30052680A /* plugin.proto */ = {isa = PBXFileReference; lastKnownFileType = text; path = plugin.proto; sourceTree = "<group>"; };
		DEA7D8F217BCF2D30052680A /* python_generator.h */ = {isa = PBXFileReference; lastKnownFileType = sourcecode.c.h; path = python_generator.h; sourceTree = "<group>"; };
		DEA7D8F317BCF2D30052680A /* descriptor.h */ = {isa = PBXFileReference; lastKnownFileType = sourcecode.c.h; path = descriptor.h; sourceTree = "<group>"; };
		DEA7D8F417BCF2D30052680A /* descriptor.pb.h */ = {isa = PBXFileReference; lastKnownFileType = sourcecode.c.h; path = descriptor.pb.h; sourceTree = "<group>"; };
		DEA7D8F517BCF2D30052680A /* descriptor.proto */ = {isa = PBXFileReference; lastKnownFileType = text; path = descriptor.proto; sourceTree = "<group>"; };
		DEA7D8F617BCF2D30052680A /* descriptor_database.h */ = {isa = PBXFileReference; lastKnownFileType = sourcecode.c.h; path = descriptor_database.h; sourceTree = "<group>"; };
		DEA7D8F717BCF2D30052680A /* dynamic_message.h */ = {isa = PBXFileReference; lastKnownFileType = sourcecode.c.h; path = dynamic_message.h; sourceTree = "<group>"; };
		DEA7D8F817BCF2D30052680A /* extension_set.h */ = {isa = PBXFileReference; lastKnownFileType = sourcecode.c.h; path = extension_set.h; sourceTree = "<group>"; };
		DEA7D8F917BCF2D30052680A /* generated_message_reflection.h */ = {isa = PBXFileReference; lastKnownFileType = sourcecode.c.h; path = generated_message_reflection.h; sourceTree = "<group>"; };
		DEA7D8FA17BCF2D30052680A /* generated_message_util.h */ = {isa = PBXFileReference; lastKnownFileType = sourcecode.c.h; path = generated_message_util.h; sourceTree = "<group>"; };
		DEA7D8FC17BCF2D30052680A /* coded_stream.h */ = {isa = PBXFileReference; lastKnownFileType = sourcecode.c.h; path = coded_stream.h; sourceTree = "<group>"; };
		DEA7D8FD17BCF2D30052680A /* gzip_stream.h */ = {isa = PBXFileReference; lastKnownFileType = sourcecode.c.h; path = gzip_stream.h; sourceTree = "<group>"; };
		DEA7D8FE17BCF2D30052680A /* printer.h */ = {isa = PBXFileReference; lastKnownFileType = sourcecode.c.h; path = printer.h; sourceTree = "<group>"; };
		DEA7D8FF17BCF2D30052680A /* tokenizer.h */ = {isa = PBXFileReference; lastKnownFileType = sourcecode.c.h; path = tokenizer.h; sourceTree = "<group>"; };
		DEA7D90017BCF2D40052680A /* zero_copy_stream.h */ = {isa = PBXFileReference; lastKnownFileType = sourcecode.c.h; path = zero_copy_stream.h; sourceTree = "<group>"; };
		DEA7D90117BCF2D40052680A /* zero_copy_stream_impl.h */ = {isa = PBXFileReference; lastKnownFileType = sourcecode.c.h; path = zero_copy_stream_impl.h; sourceTree = "<group>"; };
		DEA7D90217BCF2D40052680A /* zero_copy_stream_impl_lite.h */ = {isa = PBXFileReference; lastKnownFileType = sourcecode.c.h; path = zero_copy_stream_impl_lite.h; sourceTree = "<group>"; };
		DEA7D90317BCF2D40052680A /* message.h */ = {isa = PBXFileReference; lastKnownFileType = sourcecode.c.h; path = message.h; sourceTree = "<group>"; };
		DEA7D90417BCF2D40052680A /* message_lite.h */ = {isa = PBXFileReference; lastKnownFileType = sourcecode.c.h; path = message_lite.h; sourceTree = "<group>"; };
		DEA7D90517BCF2D40052680A /* reflection_ops.h */ = {isa = PBXFileReference; lastKnownFileType = sourcecode.c.h; path = reflection_ops.h; sourceTree = "<group>"; };
		DEA7D90617BCF2D40052680A /* repeated_field.h */ = {isa = PBXFileReference; lastKnownFileType = sourcecode.c.h; path = repeated_field.h; sourceTree = "<group>"; };
		DEA7D90717BCF2D40052680A /* service.h */ = {isa = PBXFileReference; lastKnownFileType = sourcecode.c.h; path = service.h; sourceTree = "<group>"; };
		DEA7D90917BCF2D40052680A /* common.h */ = {isa = PBXFileReference; lastKnownFileType = sourcecode.c.h; path = common.h; sourceTree = "<group>"; };
		DEA7D90A17BCF2D40052680A /* once.h */ = {isa = PBXFileReference; lastKnownFileType = sourcecode.c.h; path = once.h; sourceTree = "<group>"; };
		DEA7D90B17BCF2D40052680A /* text_format.h */ = {isa = PBXFileReference; lastKnownFileType = sourcecode.c.h; path = text_format.h; sourceTree = "<group>"; };
		DEA7D90C17BCF2D40052680A /* unknown_field_set.h */ = {isa = PBXFileReference; lastKnownFileType = sourcecode.c.h; path = unknown_field_set.h; sourceTree = "<group>"; };
		DEA7D90D17BCF2D40052680A /* wire_format.h */ = {isa = PBXFileReference; lastKnownFileType = sourcecode.c.h; path = wire_format.h; sourceTree = "<group>"; };
		DEA7D90E17BCF2D40052680A /* wire_format_lite.h */ = {isa = PBXFileReference; lastKnownFileType = sourcecode.c.h; path = wire_format_lite.h; sourceTree = "<group>"; };
		DEA7D90F17BCF2D40052680A /* wire_format_lite_inl.h */ = {isa = PBXFileReference; lastKnownFileType = sourcecode.c.h; path = wire_format_lite_inl.h; sourceTree = "<group>"; };
		DEA7D91117BCF2D40052680A /* libprotobuf-lite.a */ = {isa = PBXFileReference; lastKnownFileType = archive.ar; path = "libprotobuf-lite.a"; sourceTree = "<group>"; };
		DEA7D91217BCF2D40052680A /* libprotobuf.a */ = {isa = PBXFileReference; lastKnownFileType = archive.ar; path = libprotobuf.a; sourceTree = "<group>"; };
		DEA7D91317BCF2D40052680A /* libprotoc.a */ = {isa = PBXFileReference; lastKnownFileType = archive.ar; path = libprotoc.a; sourceTree = "<group>"; };
		DEA7D91617BCF5780052680A /* uniqush.proto */ = {isa = PBXFileReference; fileEncoding = 4; lastKnownFileType = text; path = uniqush.proto; sourceTree = "<group>"; };
		DEA7D91817BDECC30052680A /* UniqushConnection.h */ = {isa = PBXFileReference; fileEncoding = 4; lastKnownFileType = sourcecode.c.h; path = UniqushConnection.h; sourceTree = "<group>"; };
		DEA7D91917BDECC30052680A /* UniqushConnection.mm */ = {isa = PBXFileReference; fileEncoding = 4; lastKnownFileType = sourcecode.cpp.objcpp; path = UniqushConnection.mm; sourceTree = "<group>"; };
		DEA7D92017BE357F0052680A /* GCDAsyncSocket.h */ = {isa = PBXFileReference; lastKnownFileType = sourcecode.c.h; path = GCDAsyncSocket.h; sourceTree = "<group>"; };
		DEA7D92117BE357F0052680A /* GCDAsyncSocket.m */ = {isa = PBXFileReference; lastKnownFileType = sourcecode.c.objc; path = GCDAsyncSocket.m; sourceTree = "<group>"; };
		DEA7DA0117BE35800052680A /* AsyncSocket.h */ = {isa = PBXFileReference; lastKnownFileType = sourcecode.c.h; path = AsyncSocket.h; sourceTree = "<group>"; };
		DEA7DA0217BE35800052680A /* AsyncSocket.m */ = {isa = PBXFileReference; lastKnownFileType = sourcecode.c.objc; path = AsyncSocket.m; sourceTree = "<group>"; };
		DEA7DA8D17C21C510052680A /* libdhkx-ios.a */ = {isa = PBXFileReference; lastKnownFileType = archive.ar; name = "libdhkx-ios.a"; path = "libdhkx-ios.a"; sourceTree = BUILT_PRODUCTS_DIR; };
		DEA7DA8F17C21F950052680A /* UniqushConfig.h */ = {isa = PBXFileReference; fileEncoding = 4; lastKnownFileType = sourcecode.c.h; path = UniqushConfig.h; sourceTree = "<group>"; };
		DEA7DA9017C21F950052680A /* UniqushConfig.m */ = {isa = PBXFileReference; fileEncoding = 4; lastKnownFileType = sourcecode.c.objc; path = UniqushConfig.m; sourceTree = "<group>"; };
		DEA7DA9217C225AF0052680A /* UniqushProtocol.h */ = {isa = PBXFileReference; fileEncoding = 4; lastKnownFileType = sourcecode.c.h; path = UniqushProtocol.h; sourceTree = "<group>"; };
		DEA7DA9317C225AF0052680A /* UniqushProtocol.mm */ = {isa = PBXFileReference; fileEncoding = 4; lastKnownFileType = sourcecode.cpp.objcpp; path = UniqushProtocol.mm; sourceTree = "<group>"; };
		DEF5319617C2F5C100DC0C61 /* libSystem.dylib */ = {isa = PBXFileReference; lastKnownFileType = "compiled.mach-o.dylib"; name = libSystem.dylib; path = usr/lib/libSystem.dylib; sourceTree = SDKROOT; };
		DEF5319817C3367200DC0C61 /* UniqushMessageHelper.h */ = {isa = PBXFileReference; fileEncoding = 4; lastKnownFileType = sourcecode.c.h; path = UniqushMessageHelper.h; sourceTree = "<group>"; };
		DEF5319917C3367200DC0C61 /* UniqushMessageHelper.mm */ = {isa = PBXFileReference; fileEncoding = 4; lastKnownFileType = sourcecode.cpp.objcpp; path = UniqushMessageHelper.mm; sourceTree = "<group>"; };
/* End PBXFileReference section */

/* Begin PBXFrameworksBuildPhase section */
		DEA7D89117B493D70052680A /* Frameworks */ = {
			isa = PBXFrameworksBuildPhase;
			buildActionMask = 2147483647;
			files = (
				DEF5319717C2F5C100DC0C61 /* libSystem.dylib in Frameworks */,
				DEA7DA8E17C21C510052680A /* libdhkx-ios.a in Frameworks */,
				DEA7D89817B493D70052680A /* Foundation.framework in Frameworks */,
			);
			runOnlyForDeploymentPostprocessing = 0;
		};
		DEA7D8A117B493D70052680A /* Frameworks */ = {
			isa = PBXFrameworksBuildPhase;
			buildActionMask = 2147483647;
			files = (
				DEA7D8A717B493D70052680A /* SenTestingKit.framework in Frameworks */,
				DEA7D8A917B493D70052680A /* UIKit.framework in Frameworks */,
				DEA7D8AA17B493D70052680A /* Foundation.framework in Frameworks */,
				DEA7D8AD17B493D70052680A /* libuniqush-client.a in Frameworks */,
			);
			runOnlyForDeploymentPostprocessing = 0;
		};
/* End PBXFrameworksBuildPhase section */

/* Begin PBXGroup section */
		DEA7D88B17B493D70052680A = {
			isa = PBXGroup;
			children = (
				DEA7D8BF17BB4EAC0052680A /* lib */,
				DEA7D89917B493D70052680A /* uniqush-client */,
				DEA7D8AE17B493D70052680A /* uniqush-clientTests */,
				DEA7D89617B493D70052680A /* Frameworks */,
				DEA7D89517B493D70052680A /* Products */,
			);
			sourceTree = "<group>";
		};
		DEA7D89517B493D70052680A /* Products */ = {
			isa = PBXGroup;
			children = (
				DEA7D89417B493D70052680A /* libuniqush-client.a */,
				DEA7D8A517B493D70052680A /* uniqush-clientTests.octest */,
			);
			name = Products;
			sourceTree = "<group>";
		};
		DEA7D89617B493D70052680A /* Frameworks */ = {
			isa = PBXGroup;
			children = (
				DEF5319617C2F5C100DC0C61 /* libSystem.dylib */,
				DEA7DA8D17C21C510052680A /* libdhkx-ios.a */,
				DEA7D89717B493D70052680A /* Foundation.framework */,
				DEA7D8A617B493D70052680A /* SenTestingKit.framework */,
				DEA7D8A817B493D70052680A /* UIKit.framework */,
			);
			name = Frameworks;
			sourceTree = "<group>";
		};
		DEA7D89917B493D70052680A /* uniqush-client */ = {
			isa = PBXGroup;
			children = (
				DEA7D91517BCF5780052680A /* proto */,
				DEA7D89C17B493D70052680A /* UniqushClient.h */,
				DEA7D89E17B493D70052680A /* UniqushClient.m */,
				DEA7D91817BDECC30052680A /* UniqushConnection.h */,
				DEA7D91917BDECC30052680A /* UniqushConnection.mm */,
				DEA7DA8F17C21F950052680A /* UniqushConfig.h */,
				DEA7DA9017C21F950052680A /* UniqushConfig.m */,
				DEA7D89A17B493D70052680A /* Supporting Files */,
			);
			path = "uniqush-client";
			sourceTree = "<group>";
		};
		DEA7D89A17B493D70052680A /* Supporting Files */ = {
			isa = PBXGroup;
			children = (
				DEA7D89B17B493D70052680A /* uniqush-client-Prefix.pch */,
			);
			name = "Supporting Files";
			sourceTree = "<group>";
		};
		DEA7D8AE17B493D70052680A /* uniqush-clientTests */ = {
			isa = PBXGroup;
			children = (
				DEA7D8B417B493D70052680A /* uniqush_clientTests.h */,
				DEA7D8B517B493D70052680A /* uniqush_clientTests.m */,
				DEA7D8AF17B493D70052680A /* Supporting Files */,
			);
			path = "uniqush-clientTests";
			sourceTree = "<group>";
		};
		DEA7D8AF17B493D70052680A /* Supporting Files */ = {
			isa = PBXGroup;
			children = (
				DEA7D8B017B493D70052680A /* uniqush-clientTests-Info.plist */,
				DEA7D8B117B493D70052680A /* InfoPlist.strings */,
			);
			name = "Supporting Files";
			sourceTree = "<group>";
		};
		DEA7D8BF17BB4EAC0052680A /* lib */ = {
			isa = PBXGroup;
			children = (
				DEA7D91B17BE357F0052680A /* cas */,
				DEA7D8DF17BCF2D30052680A /* protobuf-2.4.1 */,
				DEA7D8C017BB4EAC0052680A /* snappy-c */,
			);
			name = lib;
			path = ../lib;
			sourceTree = "<group>";
		};
		DEA7D8C017BB4EAC0052680A /* snappy-c */ = {
			isa = PBXGroup;
			children = (
				DEA7D8C217BB4EAC0052680A /* compat.h */,
				DEA7D8C817BB4EAC0052680A /* map.c */,
				DEA7D8C917BB4EAC0052680A /* map.h */,
				DEA7D8CD17BB4EAC0052680A /* snappy-int.h */,
				DEA7D8CE17BB4EAC0052680A /* snappy.c */,
				DEA7D8CF17BB4EAC0052680A /* snappy.h */,
				DEA7D8D117BB4EAC0052680A /* util.c */,
				DEA7D8D217BB4EAC0052680A /* util.h */,
			);
			path = "snappy-c";
			sourceTree = "<group>";
		};
		DEA7D8DF17BCF2D30052680A /* protobuf-2.4.1 */ = {
			isa = PBXGroup;
			children = (
				DEA7D8E217BCF2D30052680A /* include */,
				DEA7D91017BCF2D40052680A /* lib */,
			);
			path = "protobuf-2.4.1";
			sourceTree = "<group>";
		};
		DEA7D8E217BCF2D30052680A /* include */ = {
			isa = PBXGroup;
			children = (
				DEA7D8E317BCF2D30052680A /* google */,
			);
			path = include;
			sourceTree = "<group>";
		};
		DEA7D8E317BCF2D30052680A /* google */ = {
			isa = PBXGroup;
			children = (
				DEA7D8E417BCF2D30052680A /* protobuf */,
			);
			path = google;
			sourceTree = "<group>";
		};
		DEA7D8E417BCF2D30052680A /* protobuf */ = {
			isa = PBXGroup;
			children = (
				DEA7D8E517BCF2D30052680A /* compiler */,
				DEA7D8F317BCF2D30052680A /* descriptor.h */,
				DEA7D8F417BCF2D30052680A /* descriptor.pb.h */,
				DEA7D8F517BCF2D30052680A /* descriptor.proto */,
				DEA7D8F617BCF2D30052680A /* descriptor_database.h */,
				DEA7D8F717BCF2D30052680A /* dynamic_message.h */,
				DEA7D8F817BCF2D30052680A /* extension_set.h */,
				DEA7D8F917BCF2D30052680A /* generated_message_reflection.h */,
				DEA7D8FA17BCF2D30052680A /* generated_message_util.h */,
				DEA7D8FB17BCF2D30052680A /* io */,
				DEA7D90317BCF2D40052680A /* message.h */,
				DEA7D90417BCF2D40052680A /* message_lite.h */,
				DEA7D90517BCF2D40052680A /* reflection_ops.h */,
				DEA7D90617BCF2D40052680A /* repeated_field.h */,
				DEA7D90717BCF2D40052680A /* service.h */,
				DEA7D90817BCF2D40052680A /* stubs */,
				DEA7D90B17BCF2D40052680A /* text_format.h */,
				DEA7D90C17BCF2D40052680A /* unknown_field_set.h */,
				DEA7D90D17BCF2D40052680A /* wire_format.h */,
				DEA7D90E17BCF2D40052680A /* wire_format_lite.h */,
				DEA7D90F17BCF2D40052680A /* wire_format_lite_inl.h */,
			);
			path = protobuf;
			sourceTree = "<group>";
		};
		DEA7D8E517BCF2D30052680A /* compiler */ = {
			isa = PBXGroup;
			children = (
				DEA7D8E617BCF2D30052680A /* code_generator.h */,
				DEA7D8E717BCF2D30052680A /* command_line_interface.h */,
				DEA7D8E817BCF2D30052680A /* cpp */,
				DEA7D8EA17BCF2D30052680A /* importer.h */,
				DEA7D8EB17BCF2D30052680A /* java */,
				DEA7D8ED17BCF2D30052680A /* parser.h */,
				DEA7D8EE17BCF2D30052680A /* plugin.h */,
				DEA7D8EF17BCF2D30052680A /* plugin.pb.h */,
				DEA7D8F017BCF2D30052680A /* plugin.proto */,
				DEA7D8F117BCF2D30052680A /* python */,
			);
			path = compiler;
			sourceTree = "<group>";
		};
		DEA7D8E817BCF2D30052680A /* cpp */ = {
			isa = PBXGroup;
			children = (
				DEA7D8E917BCF2D30052680A /* cpp_generator.h */,
			);
			path = cpp;
			sourceTree = "<group>";
		};
		DEA7D8EB17BCF2D30052680A /* java */ = {
			isa = PBXGroup;
			children = (
				DEA7D8EC17BCF2D30052680A /* java_generator.h */,
			);
			path = java;
			sourceTree = "<group>";
		};
		DEA7D8F117BCF2D30052680A /* python */ = {
			isa = PBXGroup;
			children = (
				DEA7D8F217BCF2D30052680A /* python_generator.h */,
			);
			path = python;
			sourceTree = "<group>";
		};
		DEA7D8FB17BCF2D30052680A /* io */ = {
			isa = PBXGroup;
			children = (
				DEA7D8FC17BCF2D30052680A /* coded_stream.h */,
				DEA7D8FD17BCF2D30052680A /* gzip_stream.h */,
				DEA7D8FE17BCF2D30052680A /* printer.h */,
				DEA7D8FF17BCF2D30052680A /* tokenizer.h */,
				DEA7D90017BCF2D40052680A /* zero_copy_stream.h */,
				DEA7D90117BCF2D40052680A /* zero_copy_stream_impl.h */,
				DEA7D90217BCF2D40052680A /* zero_copy_stream_impl_lite.h */,
			);
			path = io;
			sourceTree = "<group>";
		};
		DEA7D90817BCF2D40052680A /* stubs */ = {
			isa = PBXGroup;
			children = (
				DEA7D90917BCF2D40052680A /* common.h */,
				DEA7D90A17BCF2D40052680A /* once.h */,
			);
			path = stubs;
			sourceTree = "<group>";
		};
		DEA7D91017BCF2D40052680A /* lib */ = {
			isa = PBXGroup;
			children = (
				DEA7D91117BCF2D40052680A /* libprotobuf-lite.a */,
				DEA7D91217BCF2D40052680A /* libprotobuf.a */,
				DEA7D91317BCF2D40052680A /* libprotoc.a */,
			);
			path = lib;
			sourceTree = "<group>";
		};
		DEA7D91517BCF5780052680A /* proto */ = {
			isa = PBXGroup;
			children = (
				DEA7DA9217C225AF0052680A /* UniqushProtocol.h */,
				DEA7DA9317C225AF0052680A /* UniqushProtocol.mm */,
				DEA7D91617BCF5780052680A /* uniqush.proto */,
				DEF5319817C3367200DC0C61 /* UniqushMessageHelper.h */,
				DEF5319917C3367200DC0C61 /* UniqushMessageHelper.mm */,
			);
			path = proto;
			sourceTree = "<group>";
		};
		DEA7D91B17BE357F0052680A /* cas */ = {
			isa = PBXGroup;
			children = (
				DEA7D91E17BE357F0052680A /* GCD */,
				DEA7DA0017BE35800052680A /* RunLoop */,
			);
			name = cas;
			path = ../cas;
			sourceTree = "<group>";
		};
		DEA7D91E17BE357F0052680A /* GCD */ = {
			isa = PBXGroup;
			children = (
				DEA7D92017BE357F0052680A /* GCDAsyncSocket.h */,
				DEA7D92117BE357F0052680A /* GCDAsyncSocket.m */,
			);
			path = GCD;
			sourceTree = "<group>";
		};
		DEA7DA0017BE35800052680A /* RunLoop */ = {
			isa = PBXGroup;
			children = (
				DEA7DA0117BE35800052680A /* AsyncSocket.h */,
				DEA7DA0217BE35800052680A /* AsyncSocket.m */,
			);
			path = RunLoop;
			sourceTree = "<group>";
		};
/* End PBXGroup section */

/* Begin PBXNativeTarget section */
		DEA7D89317B493D70052680A /* uniqush-client */ = {
			isa = PBXNativeTarget;
			buildConfigurationList = DEA7D8B917B493D80052680A /* Build configuration list for PBXNativeTarget "uniqush-client" */;
			buildPhases = (
				DEA7D89017B493D70052680A /* Sources */,
				DEA7D89117B493D70052680A /* Frameworks */,
				DEA7D89217B493D70052680A /* CopyFiles */,
			);
			buildRules = (
				DEA7D91417BCF3270052680A /* PBXBuildRule */,
			);
			dependencies = (
			);
			name = "uniqush-client";
			productName = "uniqush-client";
			productReference = DEA7D89417B493D70052680A /* libuniqush-client.a */;
			productType = "com.apple.product-type.library.static";
		};
		DEA7D8A417B493D70052680A /* uniqush-clientTests */ = {
			isa = PBXNativeTarget;
			buildConfigurationList = DEA7D8BC17B493D80052680A /* Build configuration list for PBXNativeTarget "uniqush-clientTests" */;
			buildPhases = (
				DEA7D8A017B493D70052680A /* Sources */,
				DEA7D8A117B493D70052680A /* Frameworks */,
				DEA7D8A217B493D70052680A /* Resources */,
				DEA7D8A317B493D70052680A /* ShellScript */,
			);
			buildRules = (
			);
			dependencies = (
				DEA7D8AC17B493D70052680A /* PBXTargetDependency */,
			);
			name = "uniqush-clientTests";
			productName = "uniqush-clientTests";
			productReference = DEA7D8A517B493D70052680A /* uniqush-clientTests.octest */;
			productType = "com.apple.product-type.bundle";
		};
/* End PBXNativeTarget section */

/* Begin PBXProject section */
		DEA7D88C17B493D70052680A /* Project object */ = {
			isa = PBXProject;
			attributes = {
				LastUpgradeCheck = 0460;
				ORGANIZATIONNAME = "Uniqush Project";
			};
			buildConfigurationList = DEA7D88F17B493D70052680A /* Build configuration list for PBXProject "uniqush-client" */;
			compatibilityVersion = "Xcode 3.2";
			developmentRegion = English;
			hasScannedForEncodings = 0;
			knownRegions = (
				en,
				English,
			);
			mainGroup = DEA7D88B17B493D70052680A;
			productRefGroup = DEA7D89517B493D70052680A /* Products */;
			projectDirPath = "";
			projectRoot = "";
			targets = (
				DEA7D89317B493D70052680A /* uniqush-client */,
				DEA7D8A417B493D70052680A /* uniqush-clientTests */,
			);
		};
/* End PBXProject section */

/* Begin PBXResourcesBuildPhase section */
		DEA7D8A217B493D70052680A /* Resources */ = {
			isa = PBXResourcesBuildPhase;
			buildActionMask = 2147483647;
			files = (
				DEA7D8B317B493D70052680A /* InfoPlist.strings in Resources */,
			);
			runOnlyForDeploymentPostprocessing = 0;
		};
/* End PBXResourcesBuildPhase section */

/* Begin PBXShellScriptBuildPhase section */
		DEA7D8A317B493D70052680A /* ShellScript */ = {
			isa = PBXShellScriptBuildPhase;
			buildActionMask = 2147483647;
			files = (
			);
			inputPaths = (
			);
			outputPaths = (
			);
			runOnlyForDeploymentPostprocessing = 0;
			shellPath = /bin/sh;
			shellScript = "# Run the unit tests in this test bundle.\n\"${SYSTEM_DEVELOPER_DIR}/Tools/RunUnitTests\"\n";
		};
/* End PBXShellScriptBuildPhase section */

/* Begin PBXSourcesBuildPhase section */
		DEA7D89017B493D70052680A /* Sources */ = {
			isa = PBXSourcesBuildPhase;
			buildActionMask = 2147483647;
			files = (
				DEA7D91717BDD2D90052680A /* uniqush.proto in Sources */,
				DEA7D89F17B493D70052680A /* UniqushClient.m in Sources */,
				DEA7D8D917BB4EAC0052680A /* map.c in Sources */,
				DEA7D8DC17BB4EAC0052680A /* snappy.c in Sources */,
				DEA7D8DD17BB4EAC0052680A /* util.c in Sources */,
				DEA7D91A17BDECC30052680A /* UniqushConnection.mm in Sources */,
				DEA7DA8917BE38810052680A /* GCDAsyncSocket.m in Sources */,
				DEA7DA8B17BE38810052680A /* AsyncSocket.m in Sources */,
				DEA7DA9117C21F950052680A /* UniqushConfig.m in Sources */,
				DEA7DA9417C225B00052680A /* UniqushProtocol.mm in Sources */,
				DEF5319A17C3367200DC0C61 /* UniqushMessageHelper.mm in Sources */,
			);
			runOnlyForDeploymentPostprocessing = 0;
		};
		DEA7D8A017B493D70052680A /* Sources */ = {
			isa = PBXSourcesBuildPhase;
			buildActionMask = 2147483647;
			files = (
				DEA7D8B617B493D70052680A /* uniqush_clientTests.m in Sources */,
			);
			runOnlyForDeploymentPostprocessing = 0;
		};
/* End PBXSourcesBuildPhase section */

/* Begin PBXTargetDependency section */
		DEA7D8AC17B493D70052680A /* PBXTargetDependency */ = {
			isa = PBXTargetDependency;
			target = DEA7D89317B493D70052680A /* uniqush-client */;
			targetProxy = DEA7D8AB17B493D70052680A /* PBXContainerItemProxy */;
		};
/* End PBXTargetDependency section */

/* Begin PBXVariantGroup section */
		DEA7D8B117B493D70052680A /* InfoPlist.strings */ = {
			isa = PBXVariantGroup;
			children = (
				DEA7D8B217B493D70052680A /* en */,
			);
			name = InfoPlist.strings;
			sourceTree = "<group>";
		};
/* End PBXVariantGroup section */

/* Begin XCBuildConfiguration section */
		DEA7D8B717B493D80052680A /* Debug */ = {
			isa = XCBuildConfiguration;
			buildSettings = {
				ALWAYS_SEARCH_USER_PATHS = NO;
				CLANG_CXX_LANGUAGE_STANDARD = "gnu++0x";
				CLANG_CXX_LIBRARY = "libc++";
				CLANG_WARN_CONSTANT_CONVERSION = YES;
				CLANG_WARN_EMPTY_BODY = YES;
				CLANG_WARN_ENUM_CONVERSION = YES;
				CLANG_WARN_INT_CONVERSION = YES;
				CLANG_WARN__DUPLICATE_METHOD_MATCH = YES;
				COPY_PHASE_STRIP = NO;
				GCC_C_LANGUAGE_STANDARD = gnu99;
				GCC_DYNAMIC_NO_PIC = NO;
				GCC_OPTIMIZATION_LEVEL = 0;
				GCC_PREPROCESSOR_DEFINITIONS = (
					"DEBUG=1",
					"$(inherited)",
				);
				GCC_SYMBOLS_PRIVATE_EXTERN = NO;
				GCC_WARN_ABOUT_RETURN_TYPE = YES;
				GCC_WARN_UNINITIALIZED_AUTOS = YES;
				GCC_WARN_UNUSED_VARIABLE = YES;
				IPHONEOS_DEPLOYMENT_TARGET = 6.1;
				ONLY_ACTIVE_ARCH = YES;
				SDKROOT = iphoneos;
			};
			name = Debug;
		};
		DEA7D8B817B493D80052680A /* Release */ = {
			isa = XCBuildConfiguration;
			buildSettings = {
				ALWAYS_SEARCH_USER_PATHS = NO;
				CLANG_CXX_LANGUAGE_STANDARD = "gnu++0x";
				CLANG_CXX_LIBRARY = "libc++";
				CLANG_WARN_CONSTANT_CONVERSION = YES;
				CLANG_WARN_EMPTY_BODY = YES;
				CLANG_WARN_ENUM_CONVERSION = YES;
				CLANG_WARN_INT_CONVERSION = YES;
				CLANG_WARN__DUPLICATE_METHOD_MATCH = YES;
				COPY_PHASE_STRIP = YES;
				GCC_C_LANGUAGE_STANDARD = gnu99;
				GCC_WARN_ABOUT_RETURN_TYPE = YES;
				GCC_WARN_UNINITIALIZED_AUTOS = YES;
				GCC_WARN_UNUSED_VARIABLE = YES;
				IPHONEOS_DEPLOYMENT_TARGET = 6.1;
				SDKROOT = iphoneos;
				VALIDATE_PRODUCT = YES;
			};
			name = Release;
		};
		DEA7D8BA17B493D80052680A /* Debug */ = {
			isa = XCBuildConfiguration;
			buildSettings = {
				CLANG_CXX_LIBRARY = "compiler-default";
				DSTROOT = /tmp/uniqush_client.dst;
				GCC_PRECOMPILE_PREFIX_HEADER = YES;
				GCC_PREFIX_HEADER = "uniqush-client/uniqush-client-Prefix.pch";
				HEADER_SEARCH_PATHS = (
					"${SRCROOT}/../lib/snappy-c",
					"${SRCROOT}/../lib/protobuf-2.4.1/include",
					"${SRCROOT}/../cas/GCD",
					"${SRCROOT}/../dhkx/lib/openssl-1.0.1e/iphoneos/include",
					"${SRCROOT}/../dhkx/dhkx",
				);
				LIBRARY_SEARCH_PATHS = (
					"$(inherited)",
					"\"$(SDKROOT)/usr/lib/system\"",
				);
				OTHER_LDFLAGS = (
					"${SRCROOT}/../lib/protobuf-2.4.1/lib/libprotobuf.a",
					"-all_load",
				);
				PRODUCT_NAME = "$(TARGET_NAME)";
				SKIP_INSTALL = YES;
			};
			name = Debug;
		};
		DEA7D8BB17B493D80052680A /* Release */ = {
			isa = XCBuildConfiguration;
			buildSettings = {
				CLANG_CXX_LIBRARY = "compiler-default";
				DSTROOT = /tmp/uniqush_client.dst;
				GCC_PRECOMPILE_PREFIX_HEADER = YES;
				GCC_PREFIX_HEADER = "uniqush-client/uniqush-client-Prefix.pch";
				HEADER_SEARCH_PATHS = (
					"${SRCROOT}/../lib/snappy-c",
					"${SRCROOT}/../lib/protobuf-2.4.1/include",
					"${SRCROOT}/../cas/GCD",
					"${SRCROOT}/../dhkx/lib/openssl-1.0.1e/iphoneos/include",
					"${SRCROOT}/../dhkx/dhkx",
				);
				LIBRARY_SEARCH_PATHS = (
					"$(inherited)",
					"\"$(SDKROOT)/usr/lib/system\"",
				);
				OTHER_LDFLAGS = (
					"${SRCROOT}/../lib/protobuf-2.4.1/lib/libprotobuf.a",
					"-all_load",
				);
				PRODUCT_NAME = "$(TARGET_NAME)";
				SKIP_INSTALL = YES;
			};
			name = Release;
		};
		DEA7D8BD17B493D80052680A /* Debug */ = {
			isa = XCBuildConfiguration;
			buildSettings = {
				FRAMEWORK_SEARCH_PATHS = (
					"\"$(SDKROOT)/Developer/Library/Frameworks\"",
					"\"$(DEVELOPER_LIBRARY_DIR)/Frameworks\"",
				);
				GCC_PRECOMPILE_PREFIX_HEADER = YES;
				GCC_PREFIX_HEADER = "uniqush-client/uniqush-client-Prefix.pch";
				INFOPLIST_FILE = "uniqush-clientTests/uniqush-clientTests-Info.plist";
				PRODUCT_NAME = "$(TARGET_NAME)";
				WRAPPER_EXTENSION = octest;
			};
			name = Debug;
		};
		DEA7D8BE17B493D80052680A /* Release */ = {
			isa = XCBuildConfiguration;
			buildSettings = {
				FRAMEWORK_SEARCH_PATHS = (
					"\"$(SDKROOT)/Developer/Library/Frameworks\"",
					"\"$(DEVELOPER_LIBRARY_DIR)/Frameworks\"",
				);
				GCC_PRECOMPILE_PREFIX_HEADER = YES;
				GCC_PREFIX_HEADER = "uniqush-client/uniqush-client-Prefix.pch";
				INFOPLIST_FILE = "uniqush-clientTests/uniqush-clientTests-Info.plist";
				PRODUCT_NAME = "$(TARGET_NAME)";
				WRAPPER_EXTENSION = octest;
			};
			name = Release;
		};
/* End XCBuildConfiguration section */

/* Begin XCConfigurationList section */
		DEA7D88F17B493D70052680A /* Build configuration list for PBXProject "uniqush-client" */ = {
			isa = XCConfigurationList;
			buildConfigurations = (
				DEA7D8B717B493D80052680A /* Debug */,
				DEA7D8B817B493D80052680A /* Release */,
			);
			defaultConfigurationIsVisible = 0;
			defaultConfigurationName = Release;
		};
		DEA7D8B917B493D80052680A /* Build configuration list for PBXNativeTarget "uniqush-client" */ = {
			isa = XCConfigurationList;
			buildConfigurations = (
				DEA7D8BA17B493D80052680A /* Debug */,
				DEA7D8BB17B493D80052680A /* Release */,
			);
			defaultConfigurationIsVisible = 0;
			defaultConfigurationName = Release;
		};
		DEA7D8BC17B493D80052680A /* Build configuration list for PBXNativeTarget "uniqush-clientTests" */ = {
			isa = XCConfigurationList;
			buildConfigurations = (
				DEA7D8BD17B493D80052680A /* Debug */,
				DEA7D8BE17B493D80052680A /* Release */,
			);
			defaultConfigurationIsVisible = 0;
			defaultConfigurationName = Release;
		};
/* End XCConfigurationList section */
	};
	rootObject = DEA7D88C17B493D70052680A /* Project object */;
}
